
Microsoft Visual Studio Solution File, Format Version 12.00
# Visual Studio Version 17
VisualStudioVersion = 17.14.36616.10
MinimumVisualStudioVersion = 10.0.40219.1
Project("{FAE04EC0-301F-11D3-BF4B-00C04F79EFBC}") = "AiAssistant", "AiAssistant.csproj", "{3CE95446-D228-484F-B653-35C20F8EF338}"
EndProject
Project("{2150E333-8FDC-42A3-9474-1A3956D46DE8}") = "Solution Items", "Solution Items", "{02EA681E-C7D8-13C7-8484-4AC65E1B71E8}"
	ProjectSection(SolutionItems) = preProject
		Docs\pdr.md = Docs\pdr.md
	EndProjectSection
EndProject
Global
	GlobalSection(SolutionConfigurationPlatforms) = preSolution
		Debug|Any CPU = Debug|Any CPU
		Release|Any CPU = Release|Any CPU
	EndGlobalSection
	GlobalSection(ProjectConfigurationPlatforms) = postSolution
		{3CE95446-D228-484F-B653-35C20F8EF338}.Debug|Any CPU.ActiveCfg = Debug|Any CPU
		{3CE95446-D228-484F-B653-35C20F8EF338}.Debug|Any CPU.Build.0 = Debug|Any CPU
		{3CE95446-D228-484F-B653-35C20F8EF338}.Release|Any CPU.ActiveCfg = Release|Any CPU
		{3CE95446-D228-484F-B653-35C20F8EF338}.Release|Any CPU.Build.0 = Release|Any CPU
	EndGlobalSection
	GlobalSection(SolutionProperties) = preSolution
		HideSolutionNode = FALSE
	EndGlobalSection
	GlobalSection(ExtensibilityGlobals) = postSolution
		SolutionGuid = {B3082A98-B81B-4DE8-8424-28D67229CA81}
	EndGlobalSection
EndGlobal
